
Microsoft Visual Studio Solution File, Format Version 12.00
# Visual Studio Version 17
VisualStudioVersion = 17.14.37111.16
MinimumVisualStudioVersion = 10.0.40219.1
Project("{FAE04EC0-301F-11D3-BF4B-00C04F79EFBC}") = "DomainDrivenDesign.Domain", "DomainDrivenDesign.Domain\DomainDrivenDesign.Domain.csproj", "{5114883F-0D44-4FAD-A5E0-AB286465B267}"
EndProject
Project("{FAE04EC0-301F-11D3-BF4B-00C04F79EFBC}") = "DomainDrivenDesign.Test", "DomainDrivenDesign.Test\DomainDrivenDesign.Test.csproj", "{B86A2F7F-331F-4884-8668-FDCC84B8A194}"
EndProject
Project("{FAE04EC0-301F-11D3-BF4B-00C04F79EFBC}") = "DomainDrivenDesign.Application", "DomainDrivenDesign.Application\DomainDrivenDesign.Application.csproj", "{49D3C277-093D-48F6-935E-D9246389899E}"
EndProject
Project("{FAE04EC0-301F-11D3-BF4B-00C04F79EFBC}") = "DomainDrivenDesign.Infrastructure", "DomainDrivenDesign.Infrastructure\DomainDrivenDesign.Infrastructure.csproj", "{F604D893-04F4-4D12-85A9-FBE5EDC4A2FE}"
EndProject
Global
	GlobalSection(SolutionConfigurationPlatforms) = preSolution
		Debug|Any CPU = Debug|Any CPU
		Release|Any CPU = Release|Any CPU
	EndGlobalSection
	GlobalSection(ProjectConfigurationPlatforms) = postSolution
		{5114883F-0D44-4FAD-A5E0-AB286465B267}.Debug|Any CPU.ActiveCfg = Debug|Any CPU
		{5114883F-0D44-4FAD-A5E0-AB286465B267}.Debug|Any CPU.Build.0 = Debug|Any CPU
		{5114883F-0D44-4FAD-A5E0-AB286465B267}.Release|Any CPU.ActiveCfg = Release|Any CPU
		{5114883F-0D44-4FAD-A5E0-AB286465B267}.Release|Any CPU.Build.0 = Release|Any CPU
		{B86A2F7F-331F-4884-8668-FDCC84B8A194}.Debug|Any CPU.ActiveCfg = Debug|Any CPU
		{B86A2F7F-331F-4884-8668-FDCC84B8A194}.Debug|Any CPU.Build.0 = Debug|Any CPU
		{B86A2F7F-331F-4884-8668-FDCC84B8A194}.Release|Any CPU.ActiveCfg = Release|Any CPU
		{B86A2F7F-331F-4884-8668-FDCC84B8A194}.Release|Any CPU.Build.0 = Release|Any CPU
		{49D3C277-093D-48F6-935E-D9246389899E}.Debug|Any CPU.ActiveCfg = Debug|Any CPU
		{49D3C277-093D-48F6-935E-D9246389899E}.Debug|Any CPU.Build.0 = Debug|Any CPU
		{49D3C277-093D-48F6-935E-D9246389899E}.Release|Any CPU.ActiveCfg = Release|Any CPU
		{49D3C277-093D-48F6-935E-D9246389899E}.Release|Any CPU.Build.0 = Release|Any CPU
		{F604D893-04F4-4D12-85A9-FBE5EDC4A2FE}.Debug|Any CPU.ActiveCfg = Debug|Any CPU
		{F604D893-04F4-4D12-85A9-FBE5EDC4A2FE}.Debug|Any CPU.Build.0 = Debug|Any CPU
		{F604D893-04F4-4D12-85A9-FBE5EDC4A2FE}.Release|Any CPU.ActiveCfg = Release|Any CPU
		{F604D893-04F4-4D12-85A9-FBE5EDC4A2FE}.Release|Any CPU.Build.0 = Release|Any CPU
	EndGlobalSection
	GlobalSection(SolutionProperties) = preSolution
		HideSolutionNode = FALSE
	EndGlobalSection
	GlobalSection(ExtensibilityGlobals) = postSolution
		SolutionGuid = {C1384311-8271-46C5-9E60-0A6923CAA91B}
	EndGlobalSection
EndGlobal
